
Microsoft Visual Studio Solution File, Format Version 12.00
# Visual Studio Version 17
VisualStudioVersion = 17.4.33205.214
MinimumVisualStudioVersion = 10.0.40219.1
Project("{FAE04EC0-301F-11D3-BF4B-00C04F79EFBC}") = "Sem9", "Sem9\Sem9.csproj", "{1C2593DC-A982-4192-A815-0D2B44DB6268}"
EndProject
Global
	GlobalSection(SolutionConfigurationPlatforms) = preSolution
		Debug|Any CPU = Debug|Any CPU
		Release|Any CPU = Release|Any CPU
	EndGlobalSection
	GlobalSection(ProjectConfigurationPlatforms) = postSolution
		{1C2593DC-A982-4192-A815-0D2B44DB6268}.Debug|Any CPU.ActiveCfg = Debug|Any CPU
		{1C2593DC-A982-4192-A815-0D2B44DB6268}.Debug|Any CPU.Build.0 = Debug|Any CPU
		{1C2593DC-A982-4192-A815-0D2B44DB6268}.Release|Any CPU.ActiveCfg = Release|Any CPU
		{1C2593DC-A982-4192-A815-0D2B44DB6268}.Release|Any CPU.Build.0 = Release|Any CPU
	EndGlobalSection
	GlobalSection(SolutionProperties) = preSolution
		HideSolutionNode = FALSE
	EndGlobalSection
	GlobalSection(ExtensibilityGlobals) = postSolution
		SolutionGuid = {B661F0CB-D372-4831-8B62-87E455C1B8E7}
	EndGlobalSection
EndGlobal
